
Microsoft Visual Studio Solution File, Format Version 12.00
# Visual Studio 15
VisualStudioVersion = 15.0.28307.960
MinimumVisualStudioVersion = 10.0.40219.1
Project("{FAE04EC0-301F-11D3-BF4B-00C04F79EFBC}") = "Parser", "Parser\Parser.csproj", "{17CA8682-D3AE-4B8D-9FB3-9E25A40B3FF3}"
EndProject
Project("{FAE04EC0-301F-11D3-BF4B-00C04F79EFBC}") = "SeleniumProvider", "WebDriverProvider\SeleniumProvider.csproj", "{B69EC143-E17B-4061-AAA1-45115013065E}"
EndProject
Project("{FAE04EC0-301F-11D3-BF4B-00C04F79EFBC}") = "MyScore", "MyScore\MyScore.csproj", "{492F3753-96B1-44FA-B1BC-CAF54DF6C76B}"
EndProject
Project("{FAE04EC0-301F-11D3-BF4B-00C04F79EFBC}") = "Utility", "Utility\Utility.csproj", "{63C59559-0619-4B40-9388-E6E02F00C96E}"
EndProject
Global
	GlobalSection(SolutionConfigurationPlatforms) = preSolution
		Debug|Any CPU = Debug|Any CPU
		Release|Any CPU = Release|Any CPU
	EndGlobalSection
	GlobalSection(ProjectConfigurationPlatforms) = postSolution
		{17CA8682-D3AE-4B8D-9FB3-9E25A40B3FF3}.Debug|Any CPU.ActiveCfg = Debug|Any CPU
		{17CA8682-D3AE-4B8D-9FB3-9E25A40B3FF3}.Debug|Any CPU.Build.0 = Debug|Any CPU
		{17CA8682-D3AE-4B8D-9FB3-9E25A40B3FF3}.Release|Any CPU.ActiveCfg = Release|Any CPU
		{17CA8682-D3AE-4B8D-9FB3-9E25A40B3FF3}.Release|Any CPU.Build.0 = Release|Any CPU
		{B69EC143-E17B-4061-AAA1-45115013065E}.Debug|Any CPU.ActiveCfg = Debug|Any CPU
		{B69EC143-E17B-4061-AAA1-45115013065E}.Debug|Any CPU.Build.0 = Debug|Any CPU
		{B69EC143-E17B-4061-AAA1-45115013065E}.Release|Any CPU.ActiveCfg = Release|Any CPU
		{B69EC143-E17B-4061-AAA1-45115013065E}.Release|Any CPU.Build.0 = Release|Any CPU
		{492F3753-96B1-44FA-B1BC-CAF54DF6C76B}.Debug|Any CPU.ActiveCfg = Debug|Any CPU
		{492F3753-96B1-44FA-B1BC-CAF54DF6C76B}.Debug|Any CPU.Build.0 = Debug|Any CPU
		{492F3753-96B1-44FA-B1BC-CAF54DF6C76B}.Release|Any CPU.ActiveCfg = Release|Any CPU
		{492F3753-96B1-44FA-B1BC-CAF54DF6C76B}.Release|Any CPU.Build.0 = Release|Any CPU
		{63C59559-0619-4B40-9388-E6E02F00C96E}.Debug|Any CPU.ActiveCfg = Debug|Any CPU
		{63C59559-0619-4B40-9388-E6E02F00C96E}.Debug|Any CPU.Build.0 = Debug|Any CPU
		{63C59559-0619-4B40-9388-E6E02F00C96E}.Release|Any CPU.ActiveCfg = Release|Any CPU
		{63C59559-0619-4B40-9388-E6E02F00C96E}.Release|Any CPU.Build.0 = Release|Any CPU
	EndGlobalSection
	GlobalSection(SolutionProperties) = preSolution
		HideSolutionNode = FALSE
	EndGlobalSection
	GlobalSection(ExtensibilityGlobals) = postSolution
		SolutionGuid = {707CEEA2-9D17-40CB-947A-0D8E36C90BC9}
	EndGlobalSection
EndGlobal
